
Microsoft Visual Studio Solution File, Format Version 12.00
# Visual Studio 14
VisualStudioVersion = 14.0.25420.1
MinimumVisualStudioVersion = 10.0.40219.1
Project("{FAE04EC0-301F-11D3-BF4B-00C04F79EFBC}") = "BubbleSortTestApp", "BubbleSortTestApp\BubbleSortTestApp.csproj", "{B995B1E1-13C6-4CC3-B5A1-441D2651E33A}"
EndProject
Global
	GlobalSection(SolutionConfigurationPlatforms) = preSolution
		Debug|Any CPU = Debug|Any CPU
		Release|Any CPU = Release|Any CPU
	EndGlobalSection
	GlobalSection(ProjectConfigurationPlatforms) = postSolution
		{B995B1E1-13C6-4CC3-B5A1-441D2651E33A}.Debug|Any CPU.ActiveCfg = Debug|Any CPU
		{B995B1E1-13C6-4CC3-B5A1-441D2651E33A}.Debug|Any CPU.Build.0 = Debug|Any CPU
		{B995B1E1-13C6-4CC3-B5A1-441D2651E33A}.Release|Any CPU.ActiveCfg = Release|Any CPU
		{B995B1E1-13C6-4CC3-B5A1-441D2651E33A}.Release|Any CPU.Build.0 = Release|Any CPU
	EndGlobalSection
	GlobalSection(SolutionProperties) = preSolution
		HideSolutionNode = FALSE
	EndGlobalSection
EndGlobal
